# This file is generated by running "yarn install" inside your project.
# Manual changes might be lost - proceed with caution!

__metadata:
  version: 10
  cacheKey: 10c0

"@actions/core@npm:^3.0.1":
  version: 3.0.1
  resolution: "@actions/core@npm:3.0.1"
  dependencies:
    "@actions/exec": "npm:^3.0.0"
    "@actions/http-client": "npm:^4.0.0"
  checksum: 10c0/c1b86364e923e8b1bdcd338943d453c114b2cd8eb9507e07b7614679ea15ddf938b3bb75484aaf363bc3aa55ba926b9514ec08d79811a991f75c732a76c4d854
  languageName: node
  linkType: hard

"@actions/exec@npm:^3.0.0":
  version: 3.0.0
  resolution: "@actions/exec@npm:3.0.0"
  dependencies:
    "@actions/io": "npm:^3.0.2"
  checksum: 10c0/5e4357cd8538ae8d94ffef653559202e7d18db18c5ecccd2c943b4aab989df9cf4e466fcc3c4405887a3c30b88e87b89fb7c7f5b179622d1192525ec891f0274
  languageName: node
  linkType: hard

"@actions/github@npm:^5.1.1":
  version: 5.1.1
  resolution: "@actions/github@npm:5.1.1"
  dependencies:
    "@actions/http-client": "npm:^2.0.1"
    "@octokit/core": "npm:^3.6.0"
    "@octokit/plugin-paginate-rest": "npm:^2.17.0"
    "@octokit/plugin-rest-endpoint-methods": "npm:^5.13.0"
  checksum: 10c0/0ebb8b834adccabcdcfbac6c28c95e9e75ef8879bce953d7800b991bb6e8abfcc2f8dc79d0e2522cd22c6a1a5b6e05840177e3bde07280cdef596e9576bbc4ce
  languageName: node
  linkType: hard

"@actions/http-client@npm:^2.0.1":
  version: 2.0.1
  resolution: "@actions/http-client@npm:2.0.1"
  dependencies:
    tunnel: "npm:^0.0.6"
  checksum: 10c0/b58987ba2f53d7988f612ede7ff834573a3360c21f8fdea9fea92f26ada0fd0efafb22aa7d83f49c18965a5b765775d5253e2edb8d9476d924c4b304ef726b67
  languageName: node
  linkType: hard

"@actions/http-client@npm:^4.0.0":
  version: 4.0.1
  resolution: "@actions/http-client@npm:4.0.1"
  dependencies:
    tunnel: "npm:^0.0.6"
    undici: "npm:^6.23.0"
  checksum: 10c0/2470880a461e00bfeee13462f05f089542af2a6da02bfd73422c549119a5078fbf2cc0c6d3f64d4e5a9df5aeef7f0cf08925a41793c136631ac2ec55dc7a697d
  languageName: node
  linkType: hard

"@actions/io@npm:^3.0.2":
  version: 3.0.2
  resolution: "@actions/io@npm:3.0.2"
  checksum: 10c0/25fae323886544f965e90ab9655e3fb60816eb379c78418c4b06a5dc9da27810eb5b0bd0629146dbd5482a03e3c60a5b8713223e4f789abede23df643ddcae8c
  languageName: node
  linkType: hard

"@isaacs/fs-minipass@npm:^4.0.0":
  version: 4.0.1
  resolution: "@isaacs/fs-minipass@npm:4.0.1"
  dependencies:
    minipass: "npm:^7.0.4"
  checksum: 10c0/c25b6dc1598790d5b55c0947a9b7d111cfa92594db5296c3b907e2f533c033666f692a3939eadac17b1c7c40d362d0b0635dc874cbfe3e70db7c2b07cc97a5d2
  languageName: node
  linkType: hard

"@octokit/auth-token@npm:^2.4.4":
  version: 2.5.0
  resolution: "@octokit/auth-token@npm:2.5.0"
  dependencies:
    "@octokit/types": "npm:^6.0.3"
  checksum: 10c0/e9f757b6acdee91885dab97069527c86829da0dc60476c38cdff3a739ff47fd026262715965f91e84ec9d01bc43d02678bc8ed472a85395679af621b3ddbe045
  languageName: node
  linkType: hard

"@octokit/core@npm:^3.6.0":
  version: 3.6.0
  resolution: "@octokit/core@npm:3.6.0"
  dependencies:
    "@octokit/auth-token": "npm:^2.4.4"
    "@octokit/graphql": "npm:^4.5.8"
    "@octokit/request": "npm:^5.6.3"
    "@octokit/request-error": "npm:^2.0.5"
    "@octokit/types": "npm:^6.0.3"
    before-after-hook: "npm:^2.2.0"
    universal-user-agent: "npm:^6.0.0"
  checksum: 10c0/78d9799a57fe9cf155cce485ba8b7ec32f05024350bf5dd8ab5e0da8995cc22168c39dbbbcfc29bc6c562dd482c1c4a3064f466f49e2e9ce4efad57cf28a7360
  languageName: node
  linkType: hard

"@octokit/endpoint@npm:^6.0.1":
  version: 6.0.12
  resolution: "@octokit/endpoint@npm:6.0.12"
  dependencies:
    "@octokit/types": "npm:^6.0.3"
    is-plain-object: "npm:^5.0.0"
    universal-user-agent: "npm:^6.0.0"
  checksum: 10c0/b2d9c91f00ab7c997338d08a06bfd12a67d86060bc40471f921ba424e4de4e5a0a1117631f2a8a8787107d89d631172dd157cb5e2633674b1ae3a0e2b0dcfa3e
  languageName: node
  linkType: hard

"@octokit/graphql@npm:^4.5.8":
  version: 4.8.0
  resolution: "@octokit/graphql@npm:4.8.0"
  dependencies:
    "@octokit/request": "npm:^5.6.0"
    "@octokit/types": "npm:^6.0.3"
    universal-user-agent: "npm:^6.0.0"
  checksum: 10c0/2cfa0cbc636465d729f4a6a5827f7d36bed0fc9ea270a79427a431f1672fd109f463ca4509aeb3eb02342b91592ff06f318b39d6866d7424d2a16b0bfc01e62e
  languageName: node
  linkType: hard

"@octokit/openapi-types@npm:^12.11.0":
  version: 12.11.0
  resolution: "@octokit/openapi-types@npm:12.11.0"
  checksum: 10c0/b3bb3684d9686ef948d8805ab56f85818f36e4cb64ef97b8e48dc233efefef22fe0bddd9da705fb628ea618a1bebd62b3d81b09a3f7dce9522f124d998041896
  languageName: node
  linkType: hard

"@octokit/plugin-paginate-rest@npm:^2.17.0":
  version: 2.21.3
  resolution: "@octokit/plugin-paginate-rest@npm:2.21.3"
  dependencies:
    "@octokit/types": "npm:^6.40.0"
  peerDependencies:
    "@octokit/core": ">=2"
  checksum: 10c0/a16f7ed56db00ea9b72f77735e8d9463ddc84d017cb95c2767026c60a209f7c4176502c592847cf61613eb2f25dafe8d5437c01ad296660ebbfb2c821ef805e9
  languageName: node
  linkType: hard

"@octokit/plugin-rest-endpoint-methods@npm:^5.13.0":
  version: 5.16.2
  resolution: "@octokit/plugin-rest-endpoint-methods@npm:5.16.2"
  dependencies:
    "@octokit/types": "npm:^6.39.0"
    deprecation: "npm:^2.3.1"
  peerDependencies:
    "@octokit/core": ">=3"
  checksum: 10c0/32bfb30241140ad9bf17712856e1946374fb8d6040adfd5b9ea862e7149e5d2a38e0e037d3b468af34f7f2561129a6f170cffeb2a6225e548b04934e2c05eb93
  languageName: node
  linkType: hard

"@octokit/request-error@npm:^2.0.5, @octokit/request-error@npm:^2.1.0":
  version: 2.1.0
  resolution: "@octokit/request-error@npm:2.1.0"
  dependencies:
    "@octokit/types": "npm:^6.0.3"
    deprecation: "npm:^2.0.0"
    once: "npm:^1.4.0"
  checksum: 10c0/eb50eb2734aa903f1e855ac5887bb76d6f237a3aaa022b09322a7676c79bb8020259b25f84ab895c4fc7af5cc736e601ec8cc7e9040ca4629bac8cb393e91c40
  languageName: node
  linkType: hard

"@octokit/request@npm:^5.6.0, @octokit/request@npm:^5.6.3":
  version: 5.6.3
  resolution: "@octokit/request@npm:5.6.3"
  dependencies:
    "@octokit/endpoint": "npm:^6.0.1"
    "@octokit/request-error": "npm:^2.1.0"
    "@octokit/types": "npm:^6.16.1"
    is-plain-object: "npm:^5.0.0"
    node-fetch: "npm:^2.6.7"
    universal-user-agent: "npm:^6.0.0"
  checksum: 10c0/a546dc05665c6cf8184ae7c4ac3ed4f0c339c2170dd7e2beeb31a6e0a9dd968ca8ad960edbd2af745e585276e692c9eb9c6dbf1a8c9d815eb7b7fd282f3e67fc
  languageName: node
  linkType: hard

"@octokit/types@npm:^6.0.3, @octokit/types@npm:^6.16.1, @octokit/types@npm:^6.39.0, @octokit/types@npm:^6.40.0":
  version: 6.41.0
  resolution: "@octokit/types@npm:6.41.0"
  dependencies:
    "@octokit/openapi-types": "npm:^12.11.0"
  checksum: 10c0/81cfa58e5524bf2e233d75a346e625fd6e02a7b919762c6ddb523ad6fb108943ef9d34c0298ff3c5a44122e449d9038263bc22959247fd6ff8894a48888ac705
  languageName: node
  linkType: hard

"@vercel/ncc@npm:^0.34.0":
  version: 0.34.0
  resolution: "@vercel/ncc@npm:0.34.0"
  dependencies:
    node-gyp: "npm:latest"
  bin:
    ncc: dist/ncc/cli.js
  checksum: 10c0/fc64b3f2f79451ab0b0f91adaf76809940a4bc5ec9abca92e7095e298c0987f59bdeec281ff4846d7c8f4c88a854295498402778b9cf362f03e74d8a90d3e3fa
  languageName: node
  linkType: hard

"abbrev@npm:^5.0.0":
  version: 5.0.0
  resolution: "abbrev@npm:5.0.0"
  checksum: 10c0/8e88f5c798ea4562d28c5a3e9ad69e3879890bc5d695d8f2dffb8609be4c890aacc8f80ef4553fdd2c6a62d70c2ce8bc57b38074e383beb7487bdafa9ed42ea5
  languageName: node
  linkType: hard

"action-tag-bump-release@workspace:.":
  version: 0.0.0-use.local
  resolution: "action-tag-bump-release@workspace:."
  dependencies:
    "@actions/core": "npm:^3.0.1"
    "@actions/github": "npm:^5.1.1"
    "@vercel/ncc": "npm:^0.34.0"
    prettier: "npm:^2.7.1"
    semver: "npm:^7.5.2"
  languageName: unknown
  linkType: soft

"before-after-hook@npm:^2.2.0":
  version: 2.2.3
  resolution: "before-after-hook@npm:2.2.3"
  checksum: 10c0/0488c4ae12df758ca9d49b3bb27b47fd559677965c52cae7b335784724fb8bf96c42b6e5ba7d7afcbc31facb0e294c3ef717cc41c5bc2f7bd9e76f8b90acd31c
  languageName: node
  linkType: hard

"chownr@npm:^3.0.0":
  version: 3.0.0
  resolution: "chownr@npm:3.0.0"
  checksum: 10c0/43925b87700f7e3893296c8e9c56cc58f926411cce3a6e5898136daaf08f08b9a8eb76d37d3267e707d0dcc17aed2e2ebdf5848c0c3ce95cf910a919935c1b10
  languageName: node
  linkType: hard

"deprecation@npm:^2.0.0, deprecation@npm:^2.3.1":
  version: 2.3.1
  resolution: "deprecation@npm:2.3.1"
  checksum: 10c0/23d688ba66b74d09b908c40a76179418acbeeb0bfdf218c8075c58ad8d0c315130cb91aa3dffb623aa3a411a3569ce56c6460de6c8d69071c17fe6dd2442f032
  languageName: node
  linkType: hard

"env-paths@npm:^2.2.0":
  version: 2.2.1
  resolution: "env-paths@npm:2.2.1"
  checksum: 10c0/285325677bf00e30845e330eec32894f5105529db97496ee3f598478e50f008c5352a41a30e5e72ec9de8a542b5a570b85699cd63bd2bc646dbcb9f311d83bc4
  languageName: node
  linkType: hard

"exponential-backoff@npm:^3.1.1":
  version: 3.1.3
  resolution: "exponential-backoff@npm:3.1.3"
  checksum: 10c0/77e3ae682b7b1f4972f563c6dbcd2b0d54ac679e62d5d32f3e5085feba20483cf28bd505543f520e287a56d4d55a28d7874299941faf637e779a1aa5994d1267
  languageName: node
  linkType: hard

"fdir@npm:^6.5.0":
  version: 6.5.0
  resolution: "fdir@npm:6.5.0"
  peerDependencies:
    picomatch: ^3 || ^4
  peerDependenciesMeta:
    picomatch:
      optional: true
  checksum: 10c0/e345083c4306b3aed6cb8ec551e26c36bab5c511e99ea4576a16750ddc8d3240e63826cc624f5ae17ad4dc82e68a253213b60d556c11bfad064b7607847ed07f
  languageName: node
  linkType: hard

"graceful-fs@npm:^4.2.6":
  version: 4.2.11
  resolution: "graceful-fs@npm:4.2.11"
  checksum: 10c0/386d011a553e02bc594ac2ca0bd6d9e4c22d7fa8cfbfc448a6d148c59ea881b092db9dbe3547ae4b88e55f1b01f7c4a2ecc53b310c042793e63aa44cf6c257f2
  languageName: node
  linkType: hard

"is-plain-object@npm:^5.0.0":
  version: 5.0.0
  resolution: "is-plain-object@npm:5.0.0"
  checksum: 10c0/893e42bad832aae3511c71fd61c0bf61aa3a6d853061c62a307261842727d0d25f761ce9379f7ba7226d6179db2a3157efa918e7fe26360f3bf0842d9f28942c
  languageName: node
  linkType: hard

"isexe@npm:^4.0.0":
  version: 4.0.0
  resolution: "isexe@npm:4.0.0"
  checksum: 10c0/5884815115bceac452877659a9c7726382531592f43dc29e5d48b7c4100661aed54018cb90bd36cb2eaeba521092570769167acbb95c18d39afdccbcca06c5ce
  languageName: node
  linkType: hard

"lru-cache@npm:^6.0.0":
  version: 6.0.0
  resolution: "lru-cache@npm:6.0.0"
  dependencies:
    yallist: "npm:^4.0.0"
  checksum: 10c0/cb53e582785c48187d7a188d3379c181b5ca2a9c78d2bce3e7dee36f32761d1c42983da3fe12b55cb74e1779fa94cdc2e5367c028a9b35317184ede0c07a30a9
  languageName: node
  linkType: hard

"minipass@npm:^7.0.4, minipass@npm:^7.1.2":
  version: 7.1.3
  resolution: "minipass@npm:7.1.3"
  checksum: 10c0/539da88daca16533211ea5a9ee98dc62ff5742f531f54640dd34429e621955e91cc280a91a776026264b7f9f6735947629f920944e9c1558369e8bf22eb33fbb
  languageName: node
  linkType: hard

"minizlib@npm:^3.1.0":
  version: 3.1.0
  resolution: "minizlib@npm:3.1.0"
  dependencies:
    minipass: "npm:^7.1.2"
  checksum: 10c0/5aad75ab0090b8266069c9aabe582c021ae53eb33c6c691054a13a45db3b4f91a7fb1bd79151e6b4e9e9a86727b522527c0a06ec7d45206b745d54cd3097bcec
  languageName: node
  linkType: hard

"node-fetch@npm:^2.6.7":
  version: 2.6.7
  resolution: "node-fetch@npm:2.6.7"
  dependencies:
    whatwg-url: "npm:^5.0.0"
  peerDependencies:
    encoding: ^0.1.0
  peerDependenciesMeta:
    encoding:
      optional: true
  checksum: 10c0/fcae80f5ac52fbf5012f5e19df2bd3915e67d3b3ad51cb5942943df2238d32ba15890fecabd0e166876a9f98a581ab50f3f10eb942b09405c49ef8da36b826c7
  languageName: node
  linkType: hard

"node-gyp@npm:latest":
  version: 13.0.1
  resolution: "node-gyp@npm:13.0.1"
  dependencies:
    env-paths: "npm:^2.2.0"
    exponential-backoff: "npm:^3.1.1"
    graceful-fs: "npm:^4.2.6"
    nopt: "npm:^10.0.0"
    proc-log: "npm:^7.0.0"
    semver: "npm:^7.3.5"
    tar: "npm:^7.5.4"
    tinyglobby: "npm:^0.2.12"
    undici: "npm:^8.4.1"
    which: "npm:^7.0.0"
  bin:
    node-gyp: bin/node-gyp.js
  checksum: 10c0/424077bc9e9bbe953a8e86db473ba818cbc6a121714008c977fd589e21e5f0c811fbf22faac730dc7182450b5e52df301811d01ae3373898658d999b7710f4e6
  languageName: node
  linkType: hard

"nopt@npm:^10.0.0":
  version: 10.0.1
  resolution: "nopt@npm:10.0.1"
  dependencies:
    abbrev: "npm:^5.0.0"
  bin:
    nopt: bin/nopt.js
  checksum: 10c0/980d89257f9587f3e1f77877ddbf905d6aa3b738ec33e49a4fa1a059a0dd82eb28063982b150654a7ae9de386f2ead60e56172db7d37cf56de545f7392a2a26a
  languageName: node
  linkType: hard

"once@npm:^1.4.0":
  version: 1.4.0
  resolution: "once@npm:1.4.0"
  dependencies:
    wrappy: "npm:1"
  checksum: 10c0/5d48aca287dfefabd756621c5dfce5c91a549a93e9fdb7b8246bc4c4790aa2ec17b34a260530474635147aeb631a2dcc8b32c613df0675f96041cbb8244517d0
  languageName: node
  linkType: hard

"picomatch@npm:^4.0.4":
  version: 4.0.5
  resolution: "picomatch@npm:4.0.5"
  checksum: 10c0/947bc6b6e1ff1e6c5aaf95b107a0839d12802f4f7b867663f67d47accba939ca1cb582cf99dfc30438efa1c4648ac5990967e783e8929c36b03e8440704ef1bd
  languageName: node
  linkType: hard

"prettier@npm:^2.7.1":
  version: 2.7.1
  resolution: "prettier@npm:2.7.1"
  bin:
    prettier: bin-prettier.js
  checksum: 10c0/359d2b7ecf36bd52924a48331cae506d335f18637fde6c686212f952b9ce678ce9f554a80571049b36ec2897a8a6c40094b776dea371cc5c04c481cf5b78504b
  languageName: node
  linkType: hard

"proc-log@npm:^7.0.0":
  version: 7.0.0
  resolution: "proc-log@npm:7.0.0"
  checksum: 10c0/b89c2d862604f35fec795477b0c7e376feab3ba0d4f4d291c4e959567442697cf451ac557d0623c1cc38af45a78128b983410f397a10c5d3a67f76c33de4754b
  languageName: node
  linkType: hard

"semver@npm:^7.3.5":
  version: 7.8.5
  resolution: "semver@npm:7.8.5"
  bin:
    semver: bin/semver.js
  checksum: 10c0/b1f3127a5be8125a94f37188b361c212466c292c6910adce3ec106cff5dc211ccaedc4739c11bb70fda59d6fc1f040a9bca289f4e093451521a2372e5231fe0c
  languageName: node
  linkType: hard

"semver@npm:^7.5.2":
  version: 7.5.2
  resolution: "semver@npm:7.5.2"
  dependencies:
    lru-cache: "npm:^6.0.0"
  bin:
    semver: bin/semver.js
  checksum: 10c0/d151207ab762a8067f6302076edc04e5b8da2362eb9e3f21c2567ceadfd415064936d215b4aae7791da118c230649d29089be979ffa49c5b56a6bcf82147efdd
  languageName: node
  linkType: hard

"tar@npm:^7.5.4":
  version: 7.5.22
  resolution: "tar@npm:7.5.22"
  dependencies:
    "@isaacs/fs-minipass": "npm:^4.0.0"
    chownr: "npm:^3.0.0"
    minipass: "npm:^7.1.2"
    minizlib: "npm:^3.1.0"
    yallist: "npm:^5.0.0"
  checksum: 10c0/1311f6be85a8157ac4c9147bae43e13923d2a1aae15e4aa1bd5239e4e03d2cf53cfe103dde7f35832fbb4c938b042856bc8e9a0afd29abd05e2d1608788c4fea
  languageName: node
  linkType: hard

"tinyglobby@npm:^0.2.12":
  version: 0.2.17
  resolution: "tinyglobby@npm:0.2.17"
  dependencies:
    fdir: "npm:^6.5.0"
    picomatch: "npm:^4.0.4"
  checksum: 10c0/7f7bb0f197c88bc4b20c231e0deca4240ca3bf313a88f5a7fee93a872b84966a4d50220947c0455ad07a60b3b360961c5b7fd979222aeb716a9f99b412002e4c
  languageName: node
  linkType: hard

"tr46@npm:~0.0.3":
  version: 0.0.3
  resolution: "tr46@npm:0.0.3"
  checksum: 10c0/047cb209a6b60c742f05c9d3ace8fa510bff609995c129a37ace03476a9b12db4dbf975e74600830ef0796e18882b2381fb5fb1f6b4f96b832c374de3ab91a11
  languageName: node
  linkType: hard

"tunnel@npm:^0.0.6":
  version: 0.0.6
  resolution: "tunnel@npm:0.0.6"
  checksum: 10c0/e27e7e896f2426c1c747325b5f54efebc1a004647d853fad892b46d64e37591ccd0b97439470795e5262b5c0748d22beb4489a04a0a448029636670bfd801b75
  languageName: node
  linkType: hard

"undici@npm:^6.23.0":
  version: 6.28.0
  resolution: "undici@npm:6.28.0"
  checksum: 10c0/3029a70df06b38b5b2f30732932a1e92544c753cd82c8abdf0d35afad48e0ba91612e79fe3a442dbbb9434d6a9eba2b714d5ea28984c903dda2b5d5444f38354
  languageName: node
  linkType: hard

"undici@npm:^8.4.1":
  version: 8.10.0
  resolution: "undici@npm:8.10.0"
  checksum: 10c0/37ae2b1db8f65c3a003504e2040e96887b99f9db16ba07dcf49c37ed8b7f8c72f4452f2d46f52f7c9e49518fe8325e3b5e7e02ac3a2424886bd67d4b62a0ecab
  languageName: node
  linkType: hard

"universal-user-agent@npm:^6.0.0":
  version: 6.0.0
  resolution: "universal-user-agent@npm:6.0.0"
  checksum: 10c0/ebeb0206963666c13bcf9ebc86d0577c7daed5870c05cd34d4972ee7a43b9ef20679baf2a8c83bf1b71d899bae67243ac4982d84ddaf9ba0355ff76595819961
  languageName: node
  linkType: hard

"webidl-conversions@npm:^3.0.0":
  version: 3.0.1
  resolution: "webidl-conversions@npm:3.0.1"
  checksum: 10c0/5612d5f3e54760a797052eb4927f0ddc01383550f542ccd33d5238cfd65aeed392a45ad38364970d0a0f4fea32e1f4d231b3d8dac4a3bdd385e5cf802ae097db
  languageName: node
  linkType: hard

"whatwg-url@npm:^5.0.0":
  version: 5.0.0
  resolution: "whatwg-url@npm:5.0.0"
  dependencies:
    tr46: "npm:~0.0.3"
    webidl-conversions: "npm:^3.0.0"
  checksum: 10c0/1588bed84d10b72d5eec1d0faa0722ba1962f1821e7539c535558fb5398d223b0c50d8acab950b8c488b4ba69043fd833cc2697056b167d8ad46fac3995a55d5
  languageName: node
  linkType: hard

"which@npm:^7.0.0":
  version: 7.0.0
  resolution: "which@npm:7.0.0"
  dependencies:
    isexe: "npm:^4.0.0"
  bin:
    node-which: bin/which.js
  checksum: 10c0/ca0b54f198f78bbc4b7c02e34bda8d335cb352e0adb4cbca1c37b1a957af3a879a82c4c27ca6525bc942f548d8b64f816ef6528360af9f3de55ffb9b979b620d
  languageName: node
  linkType: hard

"wrappy@npm:1":
  version: 1.0.2
  resolution: "wrappy@npm:1.0.2"
  checksum: 10c0/56fece1a4018c6a6c8e28fbc88c87e0fbf4ea8fd64fc6c63b18f4acc4bd13e0ad2515189786dd2c30d3eec9663d70f4ecf699330002f8ccb547e4a18231fc9f0
  languageName: node
  linkType: hard

"yallist@npm:^4.0.0":
  version: 4.0.0
  resolution: "yallist@npm:4.0.0"
  checksum: 10c0/2286b5e8dbfe22204ab66e2ef5cc9bbb1e55dfc873bbe0d568aa943eb255d131890dfd5bf243637273d31119b870f49c18fcde2c6ffbb7a7a092b870dc90625a
  languageName: node
  linkType: hard

"yallist@npm:^5.0.0":
  version: 5.0.0
  resolution: "yallist@npm:5.0.0"
  checksum: 10c0/a499c81ce6d4a1d260d4ea0f6d49ab4da09681e32c3f0472dee16667ed69d01dae63a3b81745a24bd78476ec4fcf856114cb4896ace738e01da34b2c42235416
  languageName: node
  linkType: hard
